
Microsoft Visual Studio Solution File, Format Version 12.00
# Visual Studio 15
VisualStudioVersion = 15.0.28010.2050
MinimumVisualStudioVersion = 10.0.40219.1
Project("{FAE04EC0-301F-11D3-BF4B-00C04F79EFBC}") = "DIDL", "DIDL\DIDL.csproj", "{D96FA7BF-7E0B-44BC-815B-CDE87AB14B0D}"
EndProject
Project("{FAE04EC0-301F-11D3-BF4B-00C04F79EFBC}") = "SerializeGenerator", "SerializeGenerator\SerializeGenerator.csproj", "{4AB2FF49-26B5-40AB-B85A-339070333049}"
EndProject
Global
	GlobalSection(SolutionConfigurationPlatforms) = preSolution
		Debug|Any CPU = Debug|Any CPU
		Release|Any CPU = Release|Any CPU
	EndGlobalSection
	GlobalSection(ProjectConfigurationPlatforms) = postSolution
		{D96FA7BF-7E0B-44BC-815B-CDE87AB14B0D}.Debug|Any CPU.ActiveCfg = Debug|Any CPU
		{D96FA7BF-7E0B-44BC-815B-CDE87AB14B0D}.Debug|Any CPU.Build.0 = Debug|Any CPU
		{D96FA7BF-7E0B-44BC-815B-CDE87AB14B0D}.Release|Any CPU.ActiveCfg = Release|Any CPU
		{D96FA7BF-7E0B-44BC-815B-CDE87AB14B0D}.Release|Any CPU.Build.0 = Release|Any CPU
		{4AB2FF49-26B5-40AB-B85A-339070333049}.Debug|Any CPU.ActiveCfg = Debug|Any CPU
		{4AB2FF49-26B5-40AB-B85A-339070333049}.Debug|Any CPU.Build.0 = Debug|Any CPU
		{4AB2FF49-26B5-40AB-B85A-339070333049}.Release|Any CPU.ActiveCfg = Release|Any CPU
		{4AB2FF49-26B5-40AB-B85A-339070333049}.Release|Any CPU.Build.0 = Release|Any CPU
	EndGlobalSection
	GlobalSection(SolutionProperties) = preSolution
		HideSolutionNode = FALSE
	EndGlobalSection
	GlobalSection(ExtensibilityGlobals) = postSolution
		SolutionGuid = {C4DEA775-6FC1-4B5F-82A4-718111D90A2C}
	EndGlobalSection
EndGlobal
